Perk Conditions Framework dependency versions

CommonLibF4 AV
  Repository: https://github.com/LucaDotGit/CommonLibF4.git
  Git tree: 16b9943e0136bdecad8845b87b2de5ddb7f34f77

toml++
  Repository: https://github.com/marzer/tomlplusplus.git
  Version: v3.4.0
  Commit: 30172438cee64926dc41fdd9c11fb3ba5b2ba9de

vcpkg
  Repository: https://github.com/microsoft/vcpkg.git
  Baseline: a1cae005c39be7b18ba319fced856b68d7276271

Toolchain
  CMake minimum: 4.3
  Configure preset: vs2026-windows-vcpkg
  Build preset: vs2026-release
  Generator: Visual Studio 18 2026
  Architecture: x64
  Toolset: v145
  Configuration: Release